
Microsoft Visual Studio Solution File, Format Version 12.00
# Visual Studio Version 17
VisualStudioVersion = 17.5.33424.131
MinimumVisualStudioVersion = 10.0.40219.1
Project("{FAE04EC0-301F-11D3-BF4B-00C04F79EFBC}") = "TheSmartCafe", "TheSmartCafe.csproj", "{1C5FDB89-2FBA-4596-ACCA-B829AB274B59}"
EndProject
Global
	GlobalSection(SolutionConfigurationPlatforms) = preSolution
		Debug|Any CPU = Debug|Any CPU
		Release|Any CPU = Release|Any CPU
	EndGlobalSection
	GlobalSection(ProjectConfigurationPlatforms) = postSolution
		{1C5FDB89-2FBA-4596-ACCA-B829AB274B59}.Debug|Any CPU.ActiveCfg = Debug|Any CPU
		{1C5FDB89-2FBA-4596-ACCA-B829AB274B59}.Debug|Any CPU.Build.0 = Debug|Any CPU
		{1C5FDB89-2FBA-4596-ACCA-B829AB274B59}.Release|Any CPU.ActiveCfg = Release|Any CPU
		{1C5FDB89-2FBA-4596-ACCA-B829AB274B59}.Release|Any CPU.Build.0 = Release|Any CPU
	EndGlobalSection
	GlobalSection(SolutionProperties) = preSolution
		HideSolutionNode = FALSE
	EndGlobalSection
	GlobalSection(ExtensibilityGlobals) = postSolution
		SolutionGuid = {B3202732-F195-4673-9BD5-EDAB17637C1C}
	EndGlobalSection
EndGlobal
